# THIS IS AN AUTOGENERATED FILE. DO NOT EDIT THIS FILE DIRECTLY.
# yarn lockfile v1


angular-gantt@1.3.3:
  version "1.3.3"
  resolved "https://registry.yarnpkg.com/angular-gantt/-/angular-gantt-1.3.3.tgz#58a5b0618d8b29fa31ddee65f91d0e6f9ad0e7d6"
  integrity sha512-e+5PlE43jrmacb9XJHAtyRzg5s5xSkFbT4nNAGyZC/oZQOwYQDJ6SjllG1PuwmnKQR3ag8UlAsLeFPVC7I49Mg==

angular-moment@1.3.0:
  version "1.3.0"
  resolved "https://registry.yarnpkg.com/angular-moment/-/angular-moment-1.3.0.tgz#f501f66b6fcc832d8d36f8905cc7a93123ab2af0"
  integrity sha512-KG8rvO9MoaBLwtGnxTeUveSyNtrL+RNgGl1zqWN36+HDCCVGk2DGWOzqKWB6o+eTTbO3Opn4hupWKIElc8XETA==
  dependencies:
    moment ">=2.8.0 <3.0.0"

angular-native-dragdrop@1.2.2:
  version "1.2.2"
  resolved "https://registry.yarnpkg.com/angular-native-dragdrop/-/angular-native-dragdrop-1.2.2.tgz#d646c6b75b131c48073c3f6e36a225b2726d8bae"
  integrity sha1-1kbGt1sTHEgHPD9uNqIlsnJti64=

angular-ui-tree@2.22.5:
  version "2.22.5"
  resolved "https://registry.yarnpkg.com/angular-ui-tree/-/angular-ui-tree-2.22.5.tgz#99071fb963feaf2eac11c98e95e40628c135813f"
  integrity sha1-mQcfuWP+ry6sEcmOleQGKME1gT8=

angular@1.5.11:
  version "1.5.11"
  resolved "https://registry.yarnpkg.com/angular/-/angular-1.5.11.tgz#8c5ba7386f15965c9acf3429f6881553aada30d6"
  integrity sha1-jFunOG8VllyazzQp9ogVU6raMNY=

bootstrap@3.3.7:
  version "3.3.7"
  resolved "https://registry.yarnpkg.com/bootstrap/-/bootstrap-3.3.7.tgz#5a389394549f23330875a3b150656574f8a9eb71"
  integrity sha1-WjiTlFSfIzMIdaOxUGVldPip63E=

css-element-queries@0.3.2:
  version "0.3.2"
  resolved "https://registry.yarnpkg.com/css-element-queries/-/css-element-queries-0.3.2.tgz#535d80891b3af21395d005f19905fe5154b5ccff"
  integrity sha1-U12AiRs68hOV0AXxmQX+UVS1zP8=

font-awesome@4.7.0:
  version "4.7.0"
  resolved "https://registry.yarnpkg.com/font-awesome/-/font-awesome-4.7.0.tgz#8fa8cf0411a1a31afd07b06d2902bb9fc815a133"
  integrity sha1-j6jPBBGhoxr9B7BtKQK7n8gVoTM=

jquery@3.5.1:
  version "3.5.1"
  resolved "https://registry.yarnpkg.com/jquery/-/jquery-3.5.1.tgz#d7b4d08e1bfdb86ad2f1a3d039ea17304717abb5"
  integrity sha512-XwIBPqcMn57FxfT+Go5pzySnm4KWkT1Tv7gjrpT1srtf8Weynl6R273VJ5GjkRb51IzMp5nbaPjJXMWeju2MKg==

jsplumb@2.2.0:
  version "2.2.0"
  resolved "https://registry.yarnpkg.com/jsplumb/-/jsplumb-2.2.0.tgz#782747f0c2e142764083545e878672dd0d187546"
  integrity sha1-eCdH8MLhQnZAg1Reh4Zy3Q0YdUY=

moment-range@2.2.0:
  version "2.2.0"
  resolved "https://registry.yarnpkg.com/moment-range/-/moment-range-2.2.0.tgz#b02575778a4ac50a65777939f5c5d757f83fcd85"
  integrity sha1-sCV1d4pKxQpld3k59cXXV/g/zYU=

moment@2.29.4, "moment@>=2.8.0 <3.0.0":
  version "2.29.4"
  resolved "https://registry.yarnpkg.com/moment/-/moment-2.29.4.tgz#3dbe052889fe7c1b2ed966fcb3a77328964ef108"
  integrity sha512-5LC9SOxjSc2HF6vO2CyuTDNivEdoz2IvyJJGj6X8DJ0eFyfszE0QiEd+iXmBvUP3WHxSjFH/vIsA0EN00cgr8w==
